
Microsoft Visual Studio Solution File, Format Version 12.00
# Visual Studio 14
VisualStudioVersion = 14.0.25420.1
MinimumVisualStudioVersion = 10.0.40219.1
Project("{888888A0-9F3D-457C-B088-3A5042F75D52}") = "DjangoWebProject1", "DjangoWebProject1\DjangoWebProject1.pyproj", "{4C83E16A-F1A4-41DD-884E-EADF99AEC85B}"
EndProject
Project("{888888A0-9F3D-457C-B088-3A5042F75D52}") = "SeleniumTests", "SeleniumTests\SeleniumTests.pyproj", "{49C380FE-0D94-4291-AAE7-5E3FE61FA258}"
EndProject
Project("{888888A0-9F3D-457C-B088-3A5042F75D52}") = "FirstProject", "FirstProject\FirstProject.pyproj", "{940F9FA3-C8B4-4EB3-A8D7-BF5E680E5715}"
EndProject
Global
	GlobalSection(SolutionConfigurationPlatforms) = preSolution
		Debug|Any CPU = Debug|Any CPU
		Release|Any CPU = Release|Any CPU
	EndGlobalSection
	GlobalSection(ProjectConfigurationPlatforms) = postSolution
		{4C83E16A-F1A4-41DD-884E-EADF99AEC85B}.Debug|Any CPU.ActiveCfg = Debug|Any CPU
		{4C83E16A-F1A4-41DD-884E-EADF99AEC85B}.Debug|Any CPU.Build.0 = Debug|Any CPU
		{4C83E16A-F1A4-41DD-884E-EADF99AEC85B}.Release|Any CPU.ActiveCfg = Release|Any CPU
		{4C83E16A-F1A4-41DD-884E-EADF99AEC85B}.Release|Any CPU.Build.0 = Release|Any CPU
		{49C380FE-0D94-4291-AAE7-5E3FE61FA258}.Debug|Any CPU.ActiveCfg = Debug|Any CPU
		{49C380FE-0D94-4291-AAE7-5E3FE61FA258}.Debug|Any CPU.Build.0 = Debug|Any CPU
		{49C380FE-0D94-4291-AAE7-5E3FE61FA258}.Release|Any CPU.ActiveCfg = Release|Any CPU
		{49C380FE-0D94-4291-AAE7-5E3FE61FA258}.Release|Any CPU.Build.0 = Release|Any CPU
		{940F9FA3-C8B4-4EB3-A8D7-BF5E680E5715}.Debug|Any CPU.ActiveCfg = Debug|Any CPU
		{940F9FA3-C8B4-4EB3-A8D7-BF5E680E5715}.Debug|Any CPU.Build.0 = Debug|Any CPU
		{940F9FA3-C8B4-4EB3-A8D7-BF5E680E5715}.Release|Any CPU.ActiveCfg = Release|Any CPU
		{940F9FA3-C8B4-4EB3-A8D7-BF5E680E5715}.Release|Any CPU.Build.0 = Release|Any CPU
	EndGlobalSection
	GlobalSection(SolutionProperties) = preSolution
		HideSolutionNode = FALSE
	EndGlobalSection
EndGlobal
